
Microsoft Visual Studio Solution File, Format Version 12.00
# Visual Studio Version 17
VisualStudioVersion = 17.2.32505.173
MinimumVisualStudioVersion = 10.0.40219.1
Project("{9A19103F-16F7-4668-BE54-9A1E7A4F7556}") = "RotationalCipher", "rotationalCipher\RotationalCipher.csproj", "{8B7E3543-91D2-4393-88DE-3DD691FC1F1A}"
EndProject
Project("{9A19103F-16F7-4668-BE54-9A1E7A4F7556}") = "BinarySearch", "BinarySearch\BinarySearch.csproj", "{809570D9-6BB8-4928-9BE0-AFCA3CEA1F6C}"
EndProject
Project("{9A19103F-16F7-4668-BE54-9A1E7A4F7556}") = "BigO", "BigO\BigO.csproj", "{85B6C689-BF22-438A-8871-ED316DF41DB9}"
EndProject
Project("{9A19103F-16F7-4668-BE54-9A1E7A4F7556}") = "Sorting", "Sorting\Sorting.csproj", "{348EF1DC-F34C-4096-B228-8D1A8B049FCB}"
EndProject
Project("{9A19103F-16F7-4668-BE54-9A1E7A4F7556}") = "Arredondamento", "Arredondamento\Arredondamento.csproj", "{75B75071-F41B-422C-B41C-2F1112CCEEDF}"
EndProject
Project("{9A19103F-16F7-4668-BE54-9A1E7A4F7556}") = "CircularBuffer", "CircularBuffer\CircularBuffer.csproj", "{83F1F96A-1A27-46B8-8743-23AFB991048C}"
EndProject
Project("{9A19103F-16F7-4668-BE54-9A1E7A4F7556}") = "Recursion", "Recursion\Recursion.csproj", "{1177D4EC-3F28-4FE6-BE1D-B9C845BA1FD8}"
EndProject
Project("{2150E333-8FDC-42A3-9474-1A3956D46DE8}") = "HackerRank", "HackerRank", "{E21B0D01-DCB5-45B0-8C7C-15164DC0288A}"
EndProject
Project("{9A19103F-16F7-4668-BE54-9A1E7A4F7556}") = "PlusMinus", "PlusMinus\PlusMinus.csproj", "{14944A72-D220-4920-BEAF-FF479730CDAC}"
EndProject
Project("{2150E333-8FDC-42A3-9474-1A3956D46DE8}") = "KhanAcademy", "KhanAcademy", "{49745D23-F780-4007-BC1E-9EE7D8A0670F}"
EndProject
Project("{2150E333-8FDC-42A3-9474-1A3956D46DE8}") = "More", "More", "{5315E1A6-BF60-4596-9B3A-0C3F3EE2A9EC}"
EndProject
Project("{2150E333-8FDC-42A3-9474-1A3956D46DE8}") = "01 - PlusMinus", "01 - PlusMinus", "{66EEF7E5-B21C-4A89-A56B-30F3B2B048D1}"
EndProject
Project("{2150E333-8FDC-42A3-9474-1A3956D46DE8}") = "02 - MinMaxSum", "02 - MinMaxSum", "{8EB2F30C-2554-421C-BF10-ACB2AA54D4AB}"
EndProject
Project("{9A19103F-16F7-4668-BE54-9A1E7A4F7556}") = "MinMaxSum", "MinMaxSum\MinMaxSum.csproj", "{050D4E29-8139-4CDC-B957-88FAFE9F8655}"
EndProject
Project("{2150E333-8FDC-42A3-9474-1A3956D46DE8}") = "03 - TimeConvertion", "03 - TimeConvertion", "{F2C7519B-B277-4C85-B340-051F9140E142}"
EndProject
Project("{9A19103F-16F7-4668-BE54-9A1E7A4F7556}") = "TimeConvertion", "TimeConvertion\TimeConvertion.csproj", "{162D3E06-5701-4900-9A1A-681D60EDF5B6}"
EndProject
Project("{2150E333-8FDC-42A3-9474-1A3956D46DE8}") = "04 - SparseArray", "04 - SparseArray", "{CCF2B71D-423D-46F2-AD55-8F4151B100E9}"
EndProject
Project("{9A19103F-16F7-4668-BE54-9A1E7A4F7556}") = "SparseArray", "SparseArray\SparseArray.csproj", "{56FC089B-1377-4268-8922-9B303B2AF0AD}"
EndProject
Project("{2150E333-8FDC-42A3-9474-1A3956D46DE8}") = "05 - LonelyInteger", "05 - LonelyInteger", "{0321E594-37EF-480D-9831-D25461BB9F03}"
EndProject
Project("{2150E333-8FDC-42A3-9474-1A3956D46DE8}") = "06 - FlippingBits", "06 - FlippingBits", "{DDAB2D9E-B86B-4363-8CB4-98CB4FF03B90}"
EndProject
Project("{2150E333-8FDC-42A3-9474-1A3956D46DE8}") = "07 - DiagonalDifference", "07 - DiagonalDifference", "{DF06FABD-DFA3-4D1B-89A5-93656DA64498}"
EndProject
Project("{2150E333-8FDC-42A3-9474-1A3956D46DE8}") = "08 - CountingSort1", "08 - CountingSort1", "{84F82803-7400-4F80-A39F-486D686AA65F}"
EndProject
Project("{2150E333-8FDC-42A3-9474-1A3956D46DE8}") = "09 - Pangrams", "09 - Pangrams", "{B38ADA7F-970A-4D46-9F23-F86D7FA5D3E3}"
EndProject
Project("{2150E333-8FDC-42A3-9474-1A3956D46DE8}") = "10 - PermutingTwoArrays", "10 - PermutingTwoArrays", "{62434D67-1F1A-4BC1-AFCB-7C176004856C}"
EndProject
Project("{2150E333-8FDC-42A3-9474-1A3956D46DE8}") = "11 - SubarrayDivision1", "11 - SubarrayDivision1", "{0C4E4D8C-D364-418B-B109-456F5AC66127}"
EndProject
Project("{2150E333-8FDC-42A3-9474-1A3956D46DE8}") = "12 - XOR_Strings2", "12 - XOR_Strings2", "{C2BFFE39-46B3-4702-93DA-F35DC571275C}"
EndProject
Project("{9A19103F-16F7-4668-BE54-9A1E7A4F7556}") = "LonelyInteger", "LonelyInteger\LonelyInteger.csproj", "{64B19E01-626D-48B6-9AF9-51E54B176DEE}"
EndProject
Project("{2150E333-8FDC-42A3-9474-1A3956D46DE8}") = "Week1", "Week1", "{8800CCA4-DA6A-4566-BD4F-97138AC664A1}"
EndProject
Project("{2150E333-8FDC-42A3-9474-1A3956D46DE8}") = "Week2", "Week2", "{6595FC01-4976-4BDF-BC9C-3D6EA230ED68}"
EndProject
Project("{2150E333-8FDC-42A3-9474-1A3956D46DE8}") = "Week3", "Week3", "{9B239403-418B-4F79-A33E-4506B934E8F0}"
EndProject
Project("{2150E333-8FDC-42A3-9474-1A3956D46DE8}") = "Week4", "Week4", "{DCE3F049-4124-46BC-9E5F-9D82C303B579}"
EndProject
Project("{9A19103F-16F7-4668-BE54-9A1E7A4F7556}") = "FlippingBits", "FlippingBits\FlippingBits.csproj", "{BFB4C602-D8DA-4EA7-A00B-D643B69F544C}"
EndProject
Project("{9A19103F-16F7-4668-BE54-9A1E7A4F7556}") = "DiagonalDifference", "DiagonalDifference\DiagonalDifference.csproj", "{55458BB5-CCCA-4308-9500-FD00938B4EC5}"
EndProject
Project("{FAE04EC0-301F-11D3-BF4B-00C04F79EFBC}") = "CountingSort1", "CountingSort1\CountingSort1.csproj", "{61AED0AE-BDE6-4E7F-A184-F28E263FE56A}"
EndProject
Global
	GlobalSection(SolutionConfigurationPlatforms) = preSolution
		Debug|Any CPU = Debug|Any CPU
		Release|Any CPU = Release|Any CPU
	EndGlobalSection
	GlobalSection(ProjectConfigurationPlatforms) = postSolution
		{8B7E3543-91D2-4393-88DE-3DD691FC1F1A}.Debug|Any CPU.ActiveCfg = Debug|Any CPU
		{8B7E3543-91D2-4393-88DE-3DD691FC1F1A}.Debug|Any CPU.Build.0 = Debug|Any CPU
		{8B7E3543-91D2-4393-88DE-3DD691FC1F1A}.Release|Any CPU.ActiveCfg = Release|Any CPU
		{8B7E3543-91D2-4393-88DE-3DD691FC1F1A}.Release|Any CPU.Build.0 = Release|Any CPU
		{809570D9-6BB8-4928-9BE0-AFCA3CEA1F6C}.Debug|Any CPU.ActiveCfg = Debug|Any CPU
		{809570D9-6BB8-4928-9BE0-AFCA3CEA1F6C}.Debug|Any CPU.Build.0 = Debug|Any CPU
		{809570D9-6BB8-4928-9BE0-AFCA3CEA1F6C}.Release|Any CPU.ActiveCfg = Release|Any CPU
		{809570D9-6BB8-4928-9BE0-AFCA3CEA1F6C}.Release|Any CPU.Build.0 = Release|Any CPU
		{85B6C689-BF22-438A-8871-ED316DF41DB9}.Debug|Any CPU.ActiveCfg = Debug|Any CPU
		{85B6C689-BF22-438A-8871-ED316DF41DB9}.Debug|Any CPU.Build.0 = Debug|Any CPU
		{85B6C689-BF22-438A-8871-ED316DF41DB9}.Release|Any CPU.ActiveCfg = Release|Any CPU
		{85B6C689-BF22-438A-8871-ED316DF41DB9}.Release|Any CPU.Build.0 = Release|Any CPU
		{348EF1DC-F34C-4096-B228-8D1A8B049FCB}.Debug|Any CPU.ActiveCfg = Debug|Any CPU
		{348EF1DC-F34C-4096-B228-8D1A8B049FCB}.Debug|Any CPU.Build.0 = Debug|Any CPU
		{348EF1DC-F34C-4096-B228-8D1A8B049FCB}.Release|Any CPU.ActiveCfg = Release|Any CPU
		{348EF1DC-F34C-4096-B228-8D1A8B049FCB}.Release|Any CPU.Build.0 = Release|Any CPU
		{75B75071-F41B-422C-B41C-2F1112CCEEDF}.Debug|Any CPU.ActiveCfg = Debug|Any CPU
		{75B75071-F41B-422C-B41C-2F1112CCEEDF}.Debug|Any CPU.Build.0 = Debug|Any CPU
		{75B75071-F41B-422C-B41C-2F1112CCEEDF}.Release|Any CPU.ActiveCfg = Release|Any CPU
		{75B75071-F41B-422C-B41C-2F1112CCEEDF}.Release|Any CPU.Build.0 = Release|Any CPU
		{83F1F96A-1A27-46B8-8743-23AFB991048C}.Debug|Any CPU.ActiveCfg = Debug|Any CPU
		{83F1F96A-1A27-46B8-8743-23AFB991048C}.Debug|Any CPU.Build.0 = Debug|Any CPU
		{83F1F96A-1A27-46B8-8743-23AFB991048C}.Release|Any CPU.ActiveCfg = Release|Any CPU
		{83F1F96A-1A27-46B8-8743-23AFB991048C}.Release|Any CPU.Build.0 = Release|Any CPU
		{1177D4EC-3F28-4FE6-BE1D-B9C845BA1FD8}.Debug|Any CPU.ActiveCfg = Debug|Any CPU
		{1177D4EC-3F28-4FE6-BE1D-B9C845BA1FD8}.Debug|Any CPU.Build.0 = Debug|Any CPU
		{1177D4EC-3F28-4FE6-BE1D-B9C845BA1FD8}.Release|Any CPU.ActiveCfg = Release|Any CPU
		{1177D4EC-3F28-4FE6-BE1D-B9C845BA1FD8}.Release|Any CPU.Build.0 = Release|Any CPU
		{14944A72-D220-4920-BEAF-FF479730CDAC}.Debug|Any CPU.ActiveCfg = Debug|Any CPU
		{14944A72-D220-4920-BEAF-FF479730CDAC}.Debug|Any CPU.Build.0 = Debug|Any CPU
		{14944A72-D220-4920-BEAF-FF479730CDAC}.Release|Any CPU.ActiveCfg = Release|Any CPU
		{14944A72-D220-4920-BEAF-FF479730CDAC}.Release|Any CPU.Build.0 = Release|Any CPU
		{050D4E29-8139-4CDC-B957-88FAFE9F8655}.Debug|Any CPU.ActiveCfg = Debug|Any CPU
		{050D4E29-8139-4CDC-B957-88FAFE9F8655}.Debug|Any CPU.Build.0 = Debug|Any CPU
		{050D4E29-8139-4CDC-B957-88FAFE9F8655}.Release|Any CPU.ActiveCfg = Release|Any CPU
		{050D4E29-8139-4CDC-B957-88FAFE9F8655}.Release|Any CPU.Build.0 = Release|Any CPU
		{162D3E06-5701-4900-9A1A-681D60EDF5B6}.Debug|Any CPU.ActiveCfg = Debug|Any CPU
		{162D3E06-5701-4900-9A1A-681D60EDF5B6}.Debug|Any CPU.Build.0 = Debug|Any CPU
		{162D3E06-5701-4900-9A1A-681D60EDF5B6}.Release|Any CPU.ActiveCfg = Release|Any CPU
		{162D3E06-5701-4900-9A1A-681D60EDF5B6}.Release|Any CPU.Build.0 = Release|Any CPU
		{56FC089B-1377-4268-8922-9B303B2AF0AD}.Debug|Any CPU.ActiveCfg = Debug|Any CPU
		{56FC089B-1377-4268-8922-9B303B2AF0AD}.Debug|Any CPU.Build.0 = Debug|Any CPU
		{56FC089B-1377-4268-8922-9B303B2AF0AD}.Release|Any CPU.ActiveCfg = Release|Any CPU
		{56FC089B-1377-4268-8922-9B303B2AF0AD}.Release|Any CPU.Build.0 = Release|Any CPU
		{64B19E01-626D-48B6-9AF9-51E54B176DEE}.Debug|Any CPU.ActiveCfg = Debug|Any CPU
		{64B19E01-626D-48B6-9AF9-51E54B176DEE}.Debug|Any CPU.Build.0 = Debug|Any CPU
		{64B19E01-626D-48B6-9AF9-51E54B176DEE}.Release|Any CPU.ActiveCfg = Release|Any CPU
		{64B19E01-626D-48B6-9AF9-51E54B176DEE}.Release|Any CPU.Build.0 = Release|Any CPU
		{BFB4C602-D8DA-4EA7-A00B-D643B69F544C}.Debug|Any CPU.ActiveCfg = Debug|Any CPU
		{BFB4C602-D8DA-4EA7-A00B-D643B69F544C}.Debug|Any CPU.Build.0 = Debug|Any CPU
		{BFB4C602-D8DA-4EA7-A00B-D643B69F544C}.Release|Any CPU.ActiveCfg = Release|Any CPU
		{BFB4C602-D8DA-4EA7-A00B-D643B69F544C}.Release|Any CPU.Build.0 = Release|Any CPU
		{55458BB5-CCCA-4308-9500-FD00938B4EC5}.Debug|Any CPU.ActiveCfg = Debug|Any CPU
		{55458BB5-CCCA-4308-9500-FD00938B4EC5}.Debug|Any CPU.Build.0 = Debug|Any CPU
		{55458BB5-CCCA-4308-9500-FD00938B4EC5}.Release|Any CPU.ActiveCfg = Release|Any CPU
		{55458BB5-CCCA-4308-9500-FD00938B4EC5}.Release|Any CPU.Build.0 = Release|Any CPU
		{61AED0AE-BDE6-4E7F-A184-F28E263FE56A}.Debug|Any CPU.ActiveCfg = Debug|Any CPU
		{61AED0AE-BDE6-4E7F-A184-F28E263FE56A}.Debug|Any CPU.Build.0 = Debug|Any CPU
		{61AED0AE-BDE6-4E7F-A184-F28E263FE56A}.Release|Any CPU.ActiveCfg = Release|Any CPU
		{61AED0AE-BDE6-4E7F-A184-F28E263FE56A}.Release|Any CPU.Build.0 = Release|Any CPU
	EndGlobalSection
	GlobalSection(SolutionProperties) = preSolution
		HideSolutionNode = FALSE
	EndGlobalSection
	GlobalSection(NestedProjects) = preSolution
		{8B7E3543-91D2-4393-88DE-3DD691FC1F1A} = {49745D23-F780-4007-BC1E-9EE7D8A0670F}
		{809570D9-6BB8-4928-9BE0-AFCA3CEA1F6C} = {49745D23-F780-4007-BC1E-9EE7D8A0670F}
		{85B6C689-BF22-438A-8871-ED316DF41DB9} = {5315E1A6-BF60-4596-9B3A-0C3F3EE2A9EC}
		{348EF1DC-F34C-4096-B228-8D1A8B049FCB} = {49745D23-F780-4007-BC1E-9EE7D8A0670F}
		{75B75071-F41B-422C-B41C-2F1112CCEEDF} = {5315E1A6-BF60-4596-9B3A-0C3F3EE2A9EC}
		{83F1F96A-1A27-46B8-8743-23AFB991048C} = {49745D23-F780-4007-BC1E-9EE7D8A0670F}
		{1177D4EC-3F28-4FE6-BE1D-B9C845BA1FD8} = {49745D23-F780-4007-BC1E-9EE7D8A0670F}
		{14944A72-D220-4920-BEAF-FF479730CDAC} = {66EEF7E5-B21C-4A89-A56B-30F3B2B048D1}
		{66EEF7E5-B21C-4A89-A56B-30F3B2B048D1} = {8800CCA4-DA6A-4566-BD4F-97138AC664A1}
		{8EB2F30C-2554-421C-BF10-ACB2AA54D4AB} = {8800CCA4-DA6A-4566-BD4F-97138AC664A1}
		{050D4E29-8139-4CDC-B957-88FAFE9F8655} = {8EB2F30C-2554-421C-BF10-ACB2AA54D4AB}
		{F2C7519B-B277-4C85-B340-051F9140E142} = {8800CCA4-DA6A-4566-BD4F-97138AC664A1}
		{162D3E06-5701-4900-9A1A-681D60EDF5B6} = {F2C7519B-B277-4C85-B340-051F9140E142}
		{CCF2B71D-423D-46F2-AD55-8F4151B100E9} = {8800CCA4-DA6A-4566-BD4F-97138AC664A1}
		{56FC089B-1377-4268-8922-9B303B2AF0AD} = {CCF2B71D-423D-46F2-AD55-8F4151B100E9}
		{0321E594-37EF-480D-9831-D25461BB9F03} = {8800CCA4-DA6A-4566-BD4F-97138AC664A1}
		{DDAB2D9E-B86B-4363-8CB4-98CB4FF03B90} = {8800CCA4-DA6A-4566-BD4F-97138AC664A1}
		{DF06FABD-DFA3-4D1B-89A5-93656DA64498} = {8800CCA4-DA6A-4566-BD4F-97138AC664A1}
		{84F82803-7400-4F80-A39F-486D686AA65F} = {8800CCA4-DA6A-4566-BD4F-97138AC664A1}
		{B38ADA7F-970A-4D46-9F23-F86D7FA5D3E3} = {8800CCA4-DA6A-4566-BD4F-97138AC664A1}
		{62434D67-1F1A-4BC1-AFCB-7C176004856C} = {8800CCA4-DA6A-4566-BD4F-97138AC664A1}
		{0C4E4D8C-D364-418B-B109-456F5AC66127} = {8800CCA4-DA6A-4566-BD4F-97138AC664A1}
		{C2BFFE39-46B3-4702-93DA-F35DC571275C} = {8800CCA4-DA6A-4566-BD4F-97138AC664A1}
		{64B19E01-626D-48B6-9AF9-51E54B176DEE} = {0321E594-37EF-480D-9831-D25461BB9F03}
		{8800CCA4-DA6A-4566-BD4F-97138AC664A1} = {E21B0D01-DCB5-45B0-8C7C-15164DC0288A}
		{6595FC01-4976-4BDF-BC9C-3D6EA230ED68} = {E21B0D01-DCB5-45B0-8C7C-15164DC0288A}
		{9B239403-418B-4F79-A33E-4506B934E8F0} = {E21B0D01-DCB5-45B0-8C7C-15164DC0288A}
		{DCE3F049-4124-46BC-9E5F-9D82C303B579} = {E21B0D01-DCB5-45B0-8C7C-15164DC0288A}
		{BFB4C602-D8DA-4EA7-A00B-D643B69F544C} = {DDAB2D9E-B86B-4363-8CB4-98CB4FF03B90}
		{55458BB5-CCCA-4308-9500-FD00938B4EC5} = {DF06FABD-DFA3-4D1B-89A5-93656DA64498}
		{61AED0AE-BDE6-4E7F-A184-F28E263FE56A} = {84F82803-7400-4F80-A39F-486D686AA65F}
	EndGlobalSection
	GlobalSection(ExtensibilityGlobals) = postSolution
		SolutionGuid = {561F024C-7DC4-4E4C-A34F-857DF9770ED5}
	EndGlobalSection
EndGlobal
